
Microsoft Visual Studio Solution File, Format Version 12.00
# Visual Studio 15
VisualStudioVersion = 15.0.27428.1
MinimumVisualStudioVersion = 10.0.40219.1
Project("{FAE04EC0-301F-11D3-BF4B-00C04F79EFBC}") = "ConnectClass", "ConnectClass\ConnectClass.csproj", "{6E6E9201-27FE-4479-8F4B-FDE2AC06DF84}"
EndProject
Global
	GlobalSection(SolutionConfigurationPlatforms) = preSolution
		Debug|Any CPU = Debug|Any CPU
		Release|Any CPU = Release|Any CPU
	EndGlobalSection
	GlobalSection(ProjectConfigurationPlatforms) = postSolution
		{6E6E9201-27FE-4479-8F4B-FDE2AC06DF84}.Debug|Any CPU.ActiveCfg = Debug|Any CPU
		{6E6E9201-27FE-4479-8F4B-FDE2AC06DF84}.Debug|Any CPU.Build.0 = Debug|Any CPU
		{6E6E9201-27FE-4479-8F4B-FDE2AC06DF84}.Release|Any CPU.ActiveCfg = Release|Any CPU
		{6E6E9201-27FE-4479-8F4B-FDE2AC06DF84}.Release|Any CPU.Build.0 = Release|Any CPU
	EndGlobalSection
	GlobalSection(SolutionProperties) = preSolution
		HideSolutionNode = FALSE
	EndGlobalSection
	GlobalSection(ExtensibilityGlobals) = postSolution
		SolutionGuid = {D8BA253F-B602-455C-A535-3BE77C93A143}
	EndGlobalSection
EndGlobal
