
Microsoft Visual Studio Solution File, Format Version 12.00
# Visual Studio 15
VisualStudioVersion = 15.0.27428.1
MinimumVisualStudioVersion = 10.0.40219.1
Project("{FAE04EC0-301F-11D3-BF4B-00C04F79EFBC}") = "AvtonomniyUroven", "AvtonomniyUroven\AvtonomniyUroven.csproj", "{6EF84AC5-7746-45CA-9652-98BF6F5B2637}"
EndProject
Global
	GlobalSection(SolutionConfigurationPlatforms) = preSolution
		Debug|Any CPU = Debug|Any CPU
		Release|Any CPU = Release|Any CPU
	EndGlobalSection
	GlobalSection(ProjectConfigurationPlatforms) = postSolution
		{6EF84AC5-7746-45CA-9652-98BF6F5B2637}.Debug|Any CPU.ActiveCfg = Debug|Any CPU
		{6EF84AC5-7746-45CA-9652-98BF6F5B2637}.Debug|Any CPU.Build.0 = Debug|Any CPU
		{6EF84AC5-7746-45CA-9652-98BF6F5B2637}.Release|Any CPU.ActiveCfg = Release|Any CPU
		{6EF84AC5-7746-45CA-9652-98BF6F5B2637}.Release|Any CPU.Build.0 = Release|Any CPU
	EndGlobalSection
	GlobalSection(SolutionProperties) = preSolution
		HideSolutionNode = FALSE
	EndGlobalSection
	GlobalSection(ExtensibilityGlobals) = postSolution
		SolutionGuid = {E4ECB549-3ACB-4862-BD57-2FD190430DC3}
	EndGlobalSection
EndGlobal
